// !$*UTF8*$!
{
	archiveVersion = 1;
	classes = {
	};
	objectVersion = 56;
	objects = {

/* Begin PBXBuildFile section */
		290A0A8C2B15C35D00E23F98 /* Icons.swift in Sources */ = {isa = PBXBuildFile; fileRef = 290A0A8B2B15C35D00E23F98 /* Icons.swift */; };
		290A0A8E2B15CC0300E23F98 /* Images.swift in Sources */ = {isa = PBXBuildFile; fileRef = 290A0A8D2B15CC0300E23F98 /* Images.swift */; };
		290A0A902B15D16300E23F98 /* frame.swift in Sources */ = {isa = PBXBuildFile; fileRef = 290A0A8F2B15D16300E23F98 /* frame.swift */; };
		290A0A922B15ECAB00E23F98 /* Backgrounds & Overlays.swift in Sources */ = {isa = PBXBuildFile; fileRef = 290A0A912B15ECAB00E23F98 /* Backgrounds & Overlays.swift */; };
		290A0A982B164B0E00E23F98 /* Stacks.swift in Sources */ = {isa = PBXBuildFile; fileRef = 290A0A972B164B0E00E23F98 /* Stacks.swift */; };
		290A0A9A2B1769EF00E23F98 /* padding.swift in Sources */ = {isa = PBXBuildFile; fileRef = 290A0A992B1769EF00E23F98 /* padding.swift */; };
		290A0A9E2B177D9A00E23F98 /* Spacer.swift in Sources */ = {isa = PBXBuildFile; fileRef = 290A0A9D2B177D9A00E23F98 /* Spacer.swift */; };
		290A0AA02B179E3000E23F98 /* Initializer.swift in Sources */ = {isa = PBXBuildFile; fileRef = 290A0A9F2B179E3000E23F98 /* Initializer.swift */; };
		290A0AA22B17A94B00E23F98 /* ForEach.swift in Sources */ = {isa = PBXBuildFile; fileRef = 290A0AA12B17A94B00E23F98 /* ForEach.swift */; };
		29138B7A2B12F511004A1165 /* swiftUIApp.swift in Sources */ = {isa = PBXBuildFile; fileRef = 29138B792B12F511004A1165 /* swiftUIApp.swift */; };
		29138B7C2B12F511004A1165 /* ContentView.swift in Sources */ = {isa = PBXBuildFile; fileRef = 29138B7B2B12F511004A1165 /* ContentView.swift */; };
		29138B7E2B12F513004A1165 /* Assets.xcassets in Resources */ = {isa = PBXBuildFile; fileRef = 29138B7D2B12F513004A1165 /* Assets.xcassets */; };
		29138B812B12F513004A1165 /* Preview Assets.xcassets in Resources */ = {isa = PBXBuildFile; fileRef = 29138B802B12F513004A1165 /* Preview Assets.xcassets */; };
		29138B8B2B12F513004A1165 /* swiftUITests.swift in Sources */ = {isa = PBXBuildFile; fileRef = 29138B8A2B12F513004A1165 /* swiftUITests.swift */; };
		29138B952B12F513004A1165 /* swiftUIUITests.swift in Sources */ = {isa = PBXBuildFile; fileRef = 29138B942B12F513004A1165 /* swiftUIUITests.swift */; };
		29138B972B12F513004A1165 /* swiftUIUITestsLaunchTests.swift in Sources */ = {isa = PBXBuildFile; fileRef = 29138B962B12F513004A1165 /* swiftUIUITestsLaunchTests.swift */; };
		29138BA42B130D10004A1165 /* textBootcamp.swift in Sources */ = {isa = PBXBuildFile; fileRef = 29138BA32B130D10004A1165 /* textBootcamp.swift */; };
		29138BA62B136D9C004A1165 /* shapesBootcamp.swift in Sources */ = {isa = PBXBuildFile; fileRef = 29138BA52B136D9C004A1165 /* shapesBootcamp.swift */; };
		29138BA82B1399F5004A1165 /* colors.swift in Sources */ = {isa = PBXBuildFile; fileRef = 29138BA72B1399F5004A1165 /* colors.swift */; };
		29D2D7412B14A6C7002D5223 /* Gradients.swift in Sources */ = {isa = PBXBuildFile; fileRef = 29D2D7402B14A6C7002D5223 /* Gradients.swift */; };
/* End PBXBuildFile section */

/* Begin PBXContainerItemProxy section */
		29138B872B12F513004A1165 /* PBXContainerItemProxy */ = {
			isa = PBXContainerItemProxy;
			containerPortal = 29138B6E2B12F511004A1165 /* Project object */;
			proxyType = 1;
			remoteGlobalIDString = 29138B752B12F511004A1165;
			remoteInfo = swiftUI;
		};
		29138B912B12F513004A1165 /* PBXContainerItemProxy */ = {
			isa = PBXContainerItemProxy;
			containerPortal = 29138B6E2B12F511004A1165 /* Project object */;
			proxyType = 1;
			remoteGlobalIDString = 29138B752B12F511004A1165;
			remoteInfo = swiftUI;
		};
/* End PBXContainerItemProxy section */

/* Begin PBXFileReference section */
		290A0A8B2B15C35D00E23F98 /* Icons.swift */ = {isa = PBXFileReference; lastKnownFileType = sourcecode.swift; path = Icons.swift; sourceTree = "<group>"; };
		290A0A8D2B15CC0300E23F98 /* Images.swift */ = {isa = PBXFileReference; lastKnownFileType = sourcecode.swift; path = Images.swift; sourceTree = "<group>"; };
		290A0A8F2B15D16300E23F98 /* frame.swift */ = {isa = PBXFileReference; lastKnownFileType = sourcecode.swift; path = frame.swift; sourceTree = "<group>"; };
		290A0A912B15ECAB00E23F98 /* Backgrounds & Overlays.swift */ = {isa = PBXFileReference; lastKnownFileType = sourcecode.swift; path = "Backgrounds & Overlays.swift"; sourceTree = "<group>"; usesTabs = 0; };
		290A0A972B164B0E00E23F98 /* Stacks.swift */ = {isa = PBXFileReference; lastKnownFileType = sourcecode.swift; path = Stacks.swift; sourceTree = "<group>"; };
		290A0A992B1769EF00E23F98 /* padding.swift */ = {isa = PBXFileReference; lastKnownFileType = sourcecode.swift; path = padding.swift; sourceTree = "<group>"; };
		290A0A9D2B177D9A00E23F98 /* Spacer.swift */ = {isa = PBXFileReference; lastKnownFileType = sourcecode.swift; path = Spacer.swift; sourceTree = "<group>"; };
		290A0A9F2B179E3000E23F98 /* Initializer.swift */ = {isa = PBXFileReference; lastKnownFileType = sourcecode.swift; path = Initializer.swift; sourceTree = "<group>"; };
		290A0AA12B17A94B00E23F98 /* ForEach.swift */ = {isa = PBXFileReference; lastKnownFileType = sourcecode.swift; path = ForEach.swift; sourceTree = "<group>"; };
		29138B762B12F511004A1165 /* swiftUI.app */ = {isa = PBXFileReference; explicitFileType = wrapper.application; includeInIndex = 0; path = swiftUI.app; sourceTree = BUILT_PRODUCTS_DIR; };
		29138B792B12F511004A1165 /* swiftUIApp.swift */ = {isa = PBXFileReference; lastKnownFileType = sourcecode.swift; path = swiftUIApp.swift; sourceTree = "<group>"; };
		29138B7B2B12F511004A1165 /* ContentView.swift */ = {isa = PBXFileReference; lastKnownFileType = sourcecode.swift; path = ContentView.swift; sourceTree = "<group>"; };
		29138B7D2B12F513004A1165 /* Assets.xcassets */ = {isa = PBXFileReference; lastKnownFileType = folder.assetcatalog; path = Assets.xcassets; sourceTree = "<group>"; };
		29138B802B12F513004A1165 /* Preview Assets.xcassets */ = {isa = PBXFileReference; lastKnownFileType = folder.assetcatalog; path = "Preview Assets.xcassets"; sourceTree = "<group>"; };
		29138B862B12F513004A1165 /* swiftUITests.xctest */ = {isa = PBXFileReference; explicitFileType = wrapper.cfbundle; includeInIndex = 0; path = swiftUITests.xctest; sourceTree = BUILT_PRODUCTS_DIR; };
		29138B8A2B12F513004A1165 /* swiftUITests.swift */ = {isa = PBXFileReference; lastKnownFileType = sourcecode.swift; path = swiftUITests.swift; sourceTree = "<group>"; };
		29138B902B12F513004A1165 /* swiftUIUITests.xctest */ = {isa = PBXFileReference; explicitFileType = wrapper.cfbundle; includeInIndex = 0; path = swiftUIUITests.xctest; sourceTree = BUILT_PRODUCTS_DIR; };
		29138B942B12F513004A1165 /* swiftUIUITests.swift */ = {isa = PBXFileReference; lastKnownFileType = sourcecode.swift; path = swiftUIUITests.swift; sourceTree = "<group>"; };
		29138B962B12F513004A1165 /* swiftUIUITestsLaunchTests.swift */ = {isa = PBXFileReference; lastKnownFileType = sourcecode.swift; path = swiftUIUITestsLaunchTests.swift; sourceTree = "<group>"; };
		29138BA32B130D10004A1165 /* textBootcamp.swift */ = {isa = PBXFileReference; lastKnownFileType = sourcecode.swift; path = textBootcamp.swift; sourceTree = "<group>"; };
		29138BA52B136D9C004A1165 /* shapesBootcamp.swift */ = {isa = PBXFileReference; lastKnownFileType = sourcecode.swift; path = shapesBootcamp.swift; sourceTree = "<group>"; };
		29138BA72B1399F5004A1165 /* colors.swift */ = {isa = PBXFileReference; lastKnownFileType = sourcecode.swift; path = colors.swift; sourceTree = "<group>"; };
		29D2D7402B14A6C7002D5223 /* Gradients.swift */ = {isa = PBXFileReference; lastKnownFileType = sourcecode.swift; path = Gradients.swift; sourceTree = "<group>"; };
/* End PBXFileReference section */

/* Begin PBXFrameworksBuildPhase section */
		29138B732B12F511004A1165 /* Frameworks */ = {
			isa = PBXFrameworksBuildPhase;
			buildActionMask = 2147483647;
			files = (
			);
			runOnlyForDeploymentPostprocessing = 0;
		};
		29138B832B12F513004A1165 /* Frameworks */ = {
			isa = PBXFrameworksBuildPhase;
			buildActionMask = 2147483647;
			files = (
			);
			runOnlyForDeploymentPostprocessing = 0;
		};
		29138B8D2B12F513004A1165 /* Frameworks */ = {
			isa = PBXFrameworksBuildPhase;
			buildActionMask = 2147483647;
			files = (
			);
			runOnlyForDeploymentPostprocessing = 0;
		};
/* End PBXFrameworksBuildPhase section */

/* Begin PBXGroup section */
		29138B6D2B12F511004A1165 = {
			isa = PBXGroup;
			children = (
				29138B782B12F511004A1165 /* swiftUI */,
				29138B892B12F513004A1165 /* swiftUITests */,
				29138B932B12F513004A1165 /* swiftUIUITests */,
				29138B772B12F511004A1165 /* Products */,
			);
			sourceTree = "<group>";
		};
		29138B772B12F511004A1165 /* Products */ = {
			isa = PBXGroup;
			children = (
				29138B762B12F511004A1165 /* swiftUI.app */,
				29138B862B12F513004A1165 /* swiftUITests.xctest */,
				29138B902B12F513004A1165 /* swiftUIUITests.xctest */,
			);
			name = Products;
			sourceTree = "<group>";
		};
		29138B782B12F511004A1165 /* swiftUI */ = {
			isa = PBXGroup;
			children = (
				29138B792B12F511004A1165 /* swiftUIApp.swift */,
				29138B7B2B12F511004A1165 /* ContentView.swift */,
				29138BA32B130D10004A1165 /* textBootcamp.swift */,
				29138BA52B136D9C004A1165 /* shapesBootcamp.swift */,
				29138BA72B1399F5004A1165 /* colors.swift */,
				29D2D7402B14A6C7002D5223 /* Gradients.swift */,
				290A0A8B2B15C35D00E23F98 /* Icons.swift */,
				290A0A8D2B15CC0300E23F98 /* Images.swift */,
				290A0A8F2B15D16300E23F98 /* frame.swift */,
				290A0A912B15ECAB00E23F98 /* Backgrounds & Overlays.swift */,
				290A0A972B164B0E00E23F98 /* Stacks.swift */,
				290A0A992B1769EF00E23F98 /* padding.swift */,
				290A0A9D2B177D9A00E23F98 /* Spacer.swift */,
				290A0A9F2B179E3000E23F98 /* Initializer.swift */,
				290A0AA12B17A94B00E23F98 /* ForEach.swift */,
				29138B7D2B12F513004A1165 /* Assets.xcassets */,
				29138B7F2B12F513004A1165 /* Preview Content */,
			);
			path = swiftUI;
			sourceTree = "<group>";
		};
		29138B7F2B12F513004A1165 /* Preview Content */ = {
			isa = PBXGroup;
			children = (
				29138B802B12F513004A1165 /* Preview Assets.xcassets */,
			);
			path = "Preview Content";
			sourceTree = "<group>";
		};
		29138B892B12F513004A1165 /* swiftUITests */ = {
			isa = PBXGroup;
			children = (
				29138B8A2B12F513004A1165 /* swiftUITests.swift */,
			);
			path = swiftUITests;
			sourceTree = "<group>";
		};
		29138B932B12F513004A1165 /* swiftUIUITests */ = {
			isa = PBXGroup;
			children = (
				29138B942B12F513004A1165 /* swiftUIUITests.swift */,
				29138B962B12F513004A1165 /* swiftUIUITestsLaunchTests.swift */,
			);
			path = swiftUIUITests;
			sourceTree = "<group>";
		};
/* End PBXGroup section */

/* Begin PBXNativeTarget section */
		29138B752B12F511004A1165 /* swiftUI */ = {
			isa = PBXNativeTarget;
			buildConfigurationList = 29138B9A2B12F513004A1165 /* Build configuration list for PBXNativeTarget "swiftUI" */;
			buildPhases = (
				29138B722B12F511004A1165 /* Sources */,
				29138B732B12F511004A1165 /* Frameworks */,
				29138B742B12F511004A1165 /* Resources */,
			);
			buildRules = (
			);
			dependencies = (
			);
			name = swiftUI;
			productName = swiftUI;
			productReference = 29138B762B12F511004A1165 /* swiftUI.app */;
			productType = "com.apple.product-type.application";
		};
		29138B852B12F513004A1165 /* swiftUITests */ = {
			isa = PBXNativeTarget;
			buildConfigurationList = 29138B9D2B12F513004A1165 /* Build configuration list for PBXNativeTarget "swiftUITests" */;
			buildPhases = (
				29138B822B12F513004A1165 /* Sources */,
				29138B832B12F513004A1165 /* Frameworks */,
				29138B842B12F513004A1165 /* Resources */,
			);
			buildRules = (
			);
			dependencies = (
				29138B882B12F513004A1165 /* PBXTargetDependency */,
			);
			name = swiftUITests;
			productName = swiftUITests;
			productReference = 29138B862B12F513004A1165 /* swiftUITests.xctest */;
			productType = "com.apple.product-type.bundle.unit-test";
		};
		29138B8F2B12F513004A1165 /* swiftUIUITests */ = {
			isa = PBXNativeTarget;
			buildConfigurationList = 29138BA02B12F513004A1165 /* Build configuration list for PBXNativeTarget "swiftUIUITests" */;
			buildPhases = (
				29138B8C2B12F513004A1165 /* Sources */,
				29138B8D2B12F513004A1165 /* Frameworks */,
				29138B8E2B12F513004A1165 /* Resources */,
			);
			buildRules = (
			);
			dependencies = (
				29138B922B12F513004A1165 /* PBXTargetDependency */,
			);
			name = swiftUIUITests;
			productName = swiftUIUITests;
			productReference = 29138B902B12F513004A1165 /* swiftUIUITests.xctest */;
			productType = "com.apple.product-type.bundle.ui-testing";
		};
/* End PBXNativeTarget section */

/* Begin PBXProject section */
		29138B6E2B12F511004A1165 /* Project object */ = {
			isa = PBXProject;
			attributes = {
				BuildIndependentTargetsInParallel = 1;
				LastSwiftUpdateCheck = 1500;
				LastUpgradeCheck = 1500;
				TargetAttributes = {
					29138B752B12F511004A1165 = {
						CreatedOnToolsVersion = 15.0.1;
					};
					29138B852B12F513004A1165 = {
						CreatedOnToolsVersion = 15.0.1;
						TestTargetID = 29138B752B12F511004A1165;
					};
					29138B8F2B12F513004A1165 = {
						CreatedOnToolsVersion = 15.0.1;
						TestTargetID = 29138B752B12F511004A1165;
					};
				};
			};
			buildConfigurationList = 29138B712B12F511004A1165 /* Build configuration list for PBXProject "swiftUI" */;
			compatibilityVersion = "Xcode 14.0";
			developmentRegion = en;
			hasScannedForEncodings = 0;
			knownRegions = (
				en,
				Base,
			);
			mainGroup = 29138B6D2B12F511004A1165;
			productRefGroup = 29138B772B12F511004A1165 /* Products */;
			projectDirPath = "";
			projectRoot = "";
			targets = (
				29138B752B12F511004A1165 /* swiftUI */,
				29138B852B12F513004A1165 /* swiftUITests */,
				29138B8F2B12F513004A1165 /* swiftUIUITests */,
			);
		};
/* End PBXProject section */

/* Begin PBXResourcesBuildPhase section */
		29138B742B12F511004A1165 /* Resources */ = {
			isa = PBXResourcesBuildPhase;
			buildActionMask = 2147483647;
			files = (
				29138B812B12F513004A1165 /* Preview Assets.xcassets in Resources */,
				29138B7E2B12F513004A1165 /* Assets.xcassets in Resources */,
			);
			runOnlyForDeploymentPostprocessing = 0;
		};
		29138B842B12F513004A1165 /* Resources */ = {
			isa = PBXResourcesBuildPhase;
			buildActionMask = 2147483647;
			files = (
			);
			runOnlyForDeploymentPostprocessing = 0;
		};
		29138B8E2B12F513004A1165 /* Resources */ = {
			isa = PBXResourcesBuildPhase;
			buildActionMask = 2147483647;
			files = (
			);
			runOnlyForDeploymentPostprocessing = 0;
		};
/* End PBXResourcesBuildPhase section */

/* Begin PBXSourcesBuildPhase section */
		29138B722B12F511004A1165 /* Sources */ = {
			isa = PBXSourcesBuildPhase;
			buildActionMask = 2147483647;
			files = (
				290A0A8C2B15C35D00E23F98 /* Icons.swift in Sources */,
				29138BA62B136D9C004A1165 /* shapesBootcamp.swift in Sources */,
				290A0A982B164B0E00E23F98 /* Stacks.swift in Sources */,
				290A0AA22B17A94B00E23F98 /* ForEach.swift in Sources */,
				29138BA82B1399F5004A1165 /* colors.swift in Sources */,
				29138B7C2B12F511004A1165 /* ContentView.swift in Sources */,
				29138B7A2B12F511004A1165 /* swiftUIApp.swift in Sources */,
				290A0A922B15ECAB00E23F98 /* Backgrounds & Overlays.swift in Sources */,
				290A0A9A2B1769EF00E23F98 /* padding.swift in Sources */,
				290A0AA02B179E3000E23F98 /* Initializer.swift in Sources */,
				290A0A9E2B177D9A00E23F98 /* Spacer.swift in Sources */,
				290A0A8E2B15CC0300E23F98 /* Images.swift in Sources */,
				29138BA42B130D10004A1165 /* textBootcamp.swift in Sources */,
				290A0A902B15D16300E23F98 /* frame.swift in Sources */,
				29D2D7412B14A6C7002D5223 /* Gradients.swift in Sources */,
			);
			runOnlyForDeploymentPostprocessing = 0;
		};
		29138B822B12F513004A1165 /* Sources */ = {
			isa = PBXSourcesBuildPhase;
			buildActionMask = 2147483647;
			files = (
				29138B8B2B12F513004A1165 /* swiftUITests.swift in Sources */,
			);
			runOnlyForDeploymentPostprocessing = 0;
		};
		29138B8C2B12F513004A1165 /* Sources */ = {
			isa = PBXSourcesBuildPhase;
			buildActionMask = 2147483647;
			files = (
				29138B972B12F513004A1165 /* swiftUIUITestsLaunchTests.swift in Sources */,
				29138B952B12F513004A1165 /* swiftUIUITests.swift in Sources */,
			);
			runOnlyForDeploymentPostprocessing = 0;
		};
/* End PBXSourcesBuildPhase section */

/* Begin PBXTargetDependency section */
		29138B882B12F513004A1165 /* PBXTargetDependency */ = {
			isa = PBXTargetDependency;
			target = 29138B752B12F511004A1165 /* swiftUI */;
			targetProxy = 29138B872B12F513004A1165 /* PBXContainerItemProxy */;
		};
		29138B922B12F513004A1165 /* PBXTargetDependency */ = {
			isa = PBXTargetDependency;
			target = 29138B752B12F511004A1165 /* swiftUI */;
			targetProxy = 29138B912B12F513004A1165 /* PBXContainerItemProxy */;
		};
/* End PBXTargetDependency section */

/* Begin XCBuildConfiguration section */
		29138B982B12F513004A1165 /* Debug */ = {
			isa = XCBuildConfiguration;
			buildSettings = {
				ALWAYS_SEARCH_USER_PATHS = NO;
				ASSETCATALOG_COMPILER_GENERATE_SWIFT_ASSET_SYMBOL_EXTENSIONS = YES;
				CLANG_ANALYZER_NONNULL = YES;
				CLANG_ANALYZER_NUMBER_OBJECT_CONVERSION = YES_AGGRESSIVE;
				CLANG_CXX_LANGUAGE_STANDARD = "gnu++20";
				CLANG_ENABLE_MODULES = YES;
				CLANG_ENABLE_OBJC_ARC = YES;
				CLANG_ENABLE_OBJC_WEAK = YES;
				CLANG_WARN_BLOCK_CAPTURE_AUTORELEASING = YES;
				CLANG_WARN_BOOL_CONVERSION = YES;
				CLANG_WARN_COMMA = YES;
				CLANG_WARN_CONSTANT_CONVERSION = YES;
				CLANG_WARN_DEPRECATED_OBJC_IMPLEMENTATIONS = YES;
				CLANG_WARN_DIRECT_OBJC_ISA_USAGE = YES_ERROR;
				CLANG_WARN_DOCUMENTATION_COMMENTS = YES;
				CLANG_WARN_EMPTY_BODY = YES;
				CLANG_WARN_ENUM_CONVERSION = YES;
				CLANG_WARN_INFINITE_RECURSION = YES;
				CLANG_WARN_INT_CONVERSION = YES;
				CLANG_WARN_NON_LITERAL_NULL_CONVERSION = YES;
				CLANG_WARN_OBJC_IMPLICIT_RETAIN_SELF = YES;
				CLANG_WARN_OBJC_LITERAL_CONVERSION = YES;
				CLANG_WARN_OBJC_ROOT_CLASS = YES_ERROR;
				CLANG_WARN_QUOTED_INCLUDE_IN_FRAMEWORK_HEADER = YES;
				CLANG_WARN_RANGE_LOOP_ANALYSIS = YES;
				CLANG_WARN_STRICT_PROTOTYPES = YES;
				CLANG_WARN_SUSPICIOUS_MOVE = YES;
				CLANG_WARN_UNGUARDED_AVAILABILITY = YES_AGGRESSIVE;
				CLANG_WARN_UNREACHABLE_CODE = YES;
				CLANG_WARN__DUPLICATE_METHOD_MATCH = YES;
				COPY_PHASE_STRIP = NO;
				DEBUG_INFORMATION_FORMAT = dwarf;
				ENABLE_STRICT_OBJC_MSGSEND = YES;
				ENABLE_TESTABILITY = YES;
				ENABLE_USER_SCRIPT_SANDBOXING = YES;
				GCC_C_LANGUAGE_STANDARD = gnu17;
				GCC_DYNAMIC_NO_PIC = NO;
				GCC_NO_COMMON_BLOCKS = YES;
				GCC_OPTIMIZATION_LEVEL = 0;
				GCC_PREPROCESSOR_DEFINITIONS = (
					"DEBUG=1",
					"$(inherited)",
				);
				GCC_WARN_64_TO_32_BIT_CONVERSION = YES;
				GCC_WARN_ABOUT_RETURN_TYPE = YES_ERROR;
				GCC_WARN_UNDECLARED_SELECTOR = YES;
				GCC_WARN_UNINITIALIZED_AUTOS = YES_AGGRESSIVE;
				GCC_WARN_UNUSED_FUNCTION = YES;
				GCC_WARN_UNUSED_VARIABLE = YES;
				IPHONEOS_DEPLOYMENT_TARGET = 17.0;
				LOCALIZATION_PREFERS_STRING_CATALOGS = YES;
				MTL_ENABLE_DEBUG_INFO = INCLUDE_SOURCE;
				MTL_FAST_MATH = YES;
				ONLY_ACTIVE_ARCH = YES;
				SDKROOT = iphoneos;
				SWIFT_ACTIVE_COMPILATION_CONDITIONS = "DEBUG $(inherited)";
				SWIFT_OPTIMIZATION_LEVEL = "-Onone";
			};
			name = Debug;
		};
		29138B992B12F513004A1165 /* Release */ = {
			isa = XCBuildConfiguration;
			buildSettings = {
				ALWAYS_SEARCH_USER_PATHS = NO;
				ASSETCATALOG_COMPILER_GENERATE_SWIFT_ASSET_SYMBOL_EXTENSIONS = YES;
				CLANG_ANALYZER_NONNULL = YES;
				CLANG_ANALYZER_NUMBER_OBJECT_CONVERSION = YES_AGGRESSIVE;
				CLANG_CXX_LANGUAGE_STANDARD = "gnu++20";
				CLANG_ENABLE_MODULES = YES;
				CLANG_ENABLE_OBJC_ARC = YES;
				CLANG_ENABLE_OBJC_WEAK = YES;
				CLANG_WARN_BLOCK_CAPTURE_AUTORELEASING = YES;
				CLANG_WARN_BOOL_CONVERSION = YES;
				CLANG_WARN_COMMA = YES;
				CLANG_WARN_CONSTANT_CONVERSION = YES;
				CLANG_WARN_DEPRECATED_OBJC_IMPLEMENTATIONS = YES;
				CLANG_WARN_DIRECT_OBJC_ISA_USAGE = YES_ERROR;
				CLANG_WARN_DOCUMENTATION_COMMENTS = YES;
				CLANG_WARN_EMPTY_BODY = YES;
				CLANG_WARN_ENUM_CONVERSION = YES;
				CLANG_WARN_INFINITE_RECURSION = YES;
				CLANG_WARN_INT_CONVERSION = YES;
				CLANG_WARN_NON_LITERAL_NULL_CONVERSION = YES;
				CLANG_WARN_OBJC_IMPLICIT_RETAIN_SELF = YES;
				CLANG_WARN_OBJC_LITERAL_CONVERSION = YES;
				CLANG_WARN_OBJC_ROOT_CLASS = YES_ERROR;
				CLANG_WARN_QUOTED_INCLUDE_IN_FRAMEWORK_HEADER = YES;
				CLANG_WARN_RANGE_LOOP_ANALYSIS = YES;
				CLANG_WARN_STRICT_PROTOTYPES = YES;
				CLANG_WARN_SUSPICIOUS_MOVE = YES;
				CLANG_WARN_UNGUARDED_AVAILABILITY = YES_AGGRESSIVE;
				CLANG_WARN_UNREACHABLE_CODE = YES;
				CLANG_WARN__DUPLICATE_METHOD_MATCH = YES;
				COPY_PHASE_STRIP = NO;
				DEBUG_INFORMATION_FORMAT = "dwarf-with-dsym";
				ENABLE_NS_ASSERTIONS = NO;
				ENABLE_STRICT_OBJC_MSGSEND = YES;
				ENABLE_USER_SCRIPT_SANDBOXING = YES;
				GCC_C_LANGUAGE_STANDARD = gnu17;
				GCC_NO_COMMON_BLOCKS = YES;
				GCC_WARN_64_TO_32_BIT_CONVERSION = YES;
				GCC_WARN_ABOUT_RETURN_TYPE = YES_ERROR;
				GCC_WARN_UNDECLARED_SELECTOR = YES;
				GCC_WARN_UNINITIALIZED_AUTOS = YES_AGGRESSIVE;
				GCC_WARN_UNUSED_FUNCTION = YES;
				GCC_WARN_UNUSED_VARIABLE = YES;
				IPHONEOS_DEPLOYMENT_TARGET = 17.0;
				LOCALIZATION_PREFERS_STRING_CATALOGS = YES;
				MTL_ENABLE_DEBUG_INFO = NO;
				MTL_FAST_MATH = YES;
				SDKROOT = iphoneos;
				SWIFT_COMPILATION_MODE = wholemodule;
				VALIDATE_PRODUCT = YES;
			};
			name = Release;
		};
		29138B9B2B12F513004A1165 /* Debug */ = {
			isa = XCBuildConfiguration;
			buildSettings = {
				ASSETCATALOG_COMPILER_APPICON_NAME = AppIcon;
				ASSETCATALOG_COMPILER_GLOBAL_ACCENT_COLOR_NAME = AccentColor;
				CODE_SIGN_STYLE = Automatic;
				CURRENT_PROJECT_VERSION = 1;
				DEVELOPMENT_ASSET_PATHS = "\"swiftUI/Preview Content\"";
				DEVELOPMENT_TEAM = PX369MG78T;
				ENABLE_PREVIEWS = YES;
				GENERATE_INFOPLIST_FILE = YES;
				INFOPLIST_KEY_UIApplicationSceneManifest_Generation = YES;
				INFOPLIST_KEY_UIApplicationSupportsIndirectInputEvents = YES;
				INFOPLIST_KEY_UILaunchScreen_Generation = YES;
				INFOPLIST_KEY_UISupportedInterfaceOrientations_iPad = "UIInterfaceOrientationPortrait UIInterfaceOrientationPortraitUpsideDown UIInterfaceOrientationLandscapeLeft UIInterfaceOrientationLandscapeRight";
				INFOPLIST_KEY_UISupportedInterfaceOrientations_iPhone = "UIInterfaceOrientationPortrait UIInterfaceOrientationLandscapeLeft UIInterfaceOrientationLandscapeRight";
				LD_RUNPATH_SEARCH_PATHS = (
					"$(inherited)",
					"@executable_path/Frameworks",
				);
				MARKETING_VERSION = 1.0;
				PRODUCT_BUNDLE_IDENTIFIER = se.pixolity.swiftUI;
				PRODUCT_NAME = "$(TARGET_NAME)";
				SWIFT_EMIT_LOC_STRINGS = YES;
				SWIFT_VERSION = 5.0;
				TARGETED_DEVICE_FAMILY = "1,2";
			};
			name = Debug;
		};
		29138B9C2B12F513004A1165 /* Release */ = {
			isa = XCBuildConfiguration;
			buildSettings = {
				ASSETCATALOG_COMPILER_APPICON_NAME = AppIcon;
				ASSETCATALOG_COMPILER_GLOBAL_ACCENT_COLOR_NAME = AccentColor;
				CODE_SIGN_STYLE = Automatic;
				CURRENT_PROJECT_VERSION = 1;
				DEVELOPMENT_ASSET_PATHS = "\"swiftUI/Preview Content\"";
				DEVELOPMENT_TEAM = PX369MG78T;
				ENABLE_PREVIEWS = YES;
				GENERATE_INFOPLIST_FILE = YES;
				INFOPLIST_KEY_UIApplicationSceneManifest_Generation = YES;
				INFOPLIST_KEY_UIApplicationSupportsIndirectInputEvents = YES;
				INFOPLIST_KEY_UILaunchScreen_Generation = YES;
				INFOPLIST_KEY_UISupportedInterfaceOrientations_iPad = "UIInterfaceOrientationPortrait UIInterfaceOrientationPortraitUpsideDown UIInterfaceOrientationLandscapeLeft UIInterfaceOrientationLandscapeRight";
				INFOPLIST_KEY_UISupportedInterfaceOrientations_iPhone = "UIInterfaceOrientationPortrait UIInterfaceOrientationLandscapeLeft UIInterfaceOrientationLandscapeRight";
				LD_RUNPATH_SEARCH_PATHS = (
					"$(inherited)",
					"@executable_path/Frameworks",
				);
				MARKETING_VERSION = 1.0;
				PRODUCT_BUNDLE_IDENTIFIER = se.pixolity.swiftUI;
				PRODUCT_NAME = "$(TARGET_NAME)";
				SWIFT_EMIT_LOC_STRINGS = YES;
				SWIFT_VERSION = 5.0;
				TARGETED_DEVICE_FAMILY = "1,2";
			};
			name = Release;
		};
		29138B9E2B12F513004A1165 /* Debug */ = {
			isa = XCBuildConfiguration;
			buildSettings = {
				ALWAYS_EMBED_SWIFT_STANDARD_LIBRARIES = YES;
				BUNDLE_LOADER = "$(TEST_HOST)";
				CODE_SIGN_STYLE = Automatic;
				CURRENT_PROJECT_VERSION = 1;
				DEVELOPMENT_TEAM = PX369MG78T;
				GENERATE_INFOPLIST_FILE = YES;
				IPHONEOS_DEPLOYMENT_TARGET = 17.0;
				MARKETING_VERSION = 1.0;
				PRODUCT_BUNDLE_IDENTIFIER = se.pixolity.swiftUITests;
				PRODUCT_NAME = "$(TARGET_NAME)";
				SWIFT_EMIT_LOC_STRINGS = NO;
				SWIFT_VERSION = 5.0;
				TARGETED_DEVICE_FAMILY = "1,2";
				TEST_HOST = "$(BUILT_PRODUCTS_DIR)/swiftUI.app/$(BUNDLE_EXECUTABLE_FOLDER_PATH)/swiftUI";
			};
			name = Debug;
		};
		29138B9F2B12F513004A1165 /* Release */ = {
			isa = XCBuildConfiguration;
			buildSettings = {
				ALWAYS_EMBED_SWIFT_STANDARD_LIBRARIES = YES;
				BUNDLE_LOADER = "$(TEST_HOST)";
				CODE_SIGN_STYLE = Automatic;
				CURRENT_PROJECT_VERSION = 1;
				DEVELOPMENT_TEAM = PX369MG78T;
				GENERATE_INFOPLIST_FILE = YES;
				IPHONEOS_DEPLOYMENT_TARGET = 17.0;
				MARKETING_VERSION = 1.0;
				PRODUCT_BUNDLE_IDENTIFIER = se.pixolity.swiftUITests;
				PRODUCT_NAME = "$(TARGET_NAME)";
				SWIFT_EMIT_LOC_STRINGS = NO;
				SWIFT_VERSION = 5.0;
				TARGETED_DEVICE_FAMILY = "1,2";
				TEST_HOST = "$(BUILT_PRODUCTS_DIR)/swiftUI.app/$(BUNDLE_EXECUTABLE_FOLDER_PATH)/swiftUI";
			};
			name = Release;
		};
		29138BA12B12F513004A1165 /* Debug */ = {
			isa = XCBuildConfiguration;
			buildSettings = {
				ALWAYS_EMBED_SWIFT_STANDARD_LIBRARIES = YES;
				CODE_SIGN_STYLE = Automatic;
				CURRENT_PROJECT_VERSION = 1;
				DEVELOPMENT_TEAM = PX369MG78T;
				GENERATE_INFOPLIST_FILE = YES;
				MARKETING_VERSION = 1.0;
				PRODUCT_BUNDLE_IDENTIFIER = se.pixolity.swiftUIUITests;
				PRODUCT_NAME = "$(TARGET_NAME)";
				SWIFT_EMIT_LOC_STRINGS = NO;
				SWIFT_VERSION = 5.0;
				TARGETED_DEVICE_FAMILY = "1,2";
				TEST_TARGET_NAME = swiftUI;
			};
			name = Debug;
		};
		29138BA22B12F513004A1165 /* Release */ = {
			isa = XCBuildConfiguration;
			buildSettings = {
				ALWAYS_EMBED_SWIFT_STANDARD_LIBRARIES = YES;
				CODE_SIGN_STYLE = Automatic;
				CURRENT_PROJECT_VERSION = 1;
				DEVELOPMENT_TEAM = PX369MG78T;
				GENERATE_INFOPLIST_FILE = YES;
				MARKETING_VERSION = 1.0;
				PRODUCT_BUNDLE_IDENTIFIER = se.pixolity.swiftUIUITests;
				PRODUCT_NAME = "$(TARGET_NAME)";
				SWIFT_EMIT_LOC_STRINGS = NO;
				SWIFT_VERSION = 5.0;
				TARGETED_DEVICE_FAMILY = "1,2";
				TEST_TARGET_NAME = swiftUI;
			};
			name = Release;
		};
/* End XCBuildConfiguration section */

/* Begin XCConfigurationList section */
		29138B712B12F511004A1165 /* Build configuration list for PBXProject "swiftUI" */ = {
			isa = XCConfigurationList;
			buildConfigurations = (
				29138B982B12F513004A1165 /* Debug */,
				29138B992B12F513004A1165 /* Release */,
			);
			defaultConfigurationIsVisible = 0;
			defaultConfigurationName = Release;
		};
		29138B9A2B12F513004A1165 /* Build configuration list for PBXNativeTarget "swiftUI" */ = {
			isa = XCConfigurationList;
			buildConfigurations = (
				29138B9B2B12F513004A1165 /* Debug */,
				29138B9C2B12F513004A1165 /* Release */,
			);
			defaultConfigurationIsVisible = 0;
			defaultConfigurationName = Release;
		};
		29138B9D2B12F513004A1165 /* Build configuration list for PBXNativeTarget "swiftUITests" */ = {
			isa = XCConfigurationList;
			buildConfigurations = (
				29138B9E2B12F513004A1165 /* Debug */,
				29138B9F2B12F513004A1165 /* Release */,
			);
			defaultConfigurationIsVisible = 0;
			defaultConfigurationName = Release;
		};
		29138BA02B12F513004A1165 /* Build configuration list for PBXNativeTarget "swiftUIUITests" */ = {
			isa = XCConfigurationList;
			buildConfigurations = (
				29138BA12B12F513004A1165 /* Debug */,
				29138BA22B12F513004A1165 /* Release */,
			);
			defaultConfigurationIsVisible = 0;
			defaultConfigurationName = Release;
		};
/* End XCConfigurationList section */
	};
	rootObject = 29138B6E2B12F511004A1165 /* Project object */;
}
